{
    "name": "hypermod",
    "lockfileVersion": 3,
    "requires": true,
    "packages": {
        "": {
            "name": "hypermod",
            "dependencies": {
                "@types/node": "^24.5.1",
                "cli-color": "^2.0.4",
                "terser": "^5.44.0"
            }
        },
        "node_modules/@jridgewell/gen-mapping": {
            "version": "0.3.13",
            "resolved": "https://registry.npmjs.org/@jridgewell/gen-mapping/-/gen-mapping-0.3.13.tgz",
            "integrity": "sha512-2kkt/7niJ6MgEPxF0bYdQ6etZaA+fQvDcLKckhy1yIQOzaoKjBBjSj63/aLVjYE3qhRt5dvM+uUyfCg6UKCBbA==",
            "license": "MIT",
            "dependencies": {
                "@jridgewell/sourcemap-codec": "^1.5.0",
                "@jridgewell/trace-mapping": "^0.3.24"
            }
        },
        "node_modules/@jridgewell/resolve-uri": {
            "version": "3.1.2",
            "resolved": "https://registry.npmjs.org/@jridgewell/resolve-uri/-/resolve-uri-3.1.2.tgz",
            "integrity": "sha512-bRISgCIjP20/tbWSPWMEi54QVPRZExkuD9lJL+UIxUKtwVJA8wW1Trb1jMs1RFXo1CBTNZ/5hpC9QvmKWdopKw==",
            "license": "MIT",
            "engines": {
                "node": ">=6.0.0"
            }
        },
        "node_modules/@jridgewell/source-map": {
            "version": "0.3.11",
            "resolved": "https://registry.npmjs.org/@jridgewell/source-map/-/source-map-0.3.11.tgz",
            "integrity": "sha512-ZMp1V8ZFcPG5dIWnQLr3NSI1MiCU7UETdS/A0G8V/XWHvJv3ZsFqutJn1Y5RPmAPX6F3BiE397OqveU/9NCuIA==",
            "license": "MIT",
            "dependencies": {
                "@jridgewell/gen-mapping": "^0.3.5",
                "@jridgewell/trace-mapping": "^0.3.25"
            }
        },
        "node_modules/@jridgewell/sourcemap-codec": {
            "version": "1.5.5",
            "resolved": "https://registry.npmjs.org/@jridgewell/sourcemap-codec/-/sourcemap-codec-1.5.5.tgz",
            "integrity": "sha512-cYQ9310grqxueWbl+WuIUIaiUaDcj7WOq5fVhEljNVgRfOUhY9fy2zTvfoqWsnebh8Sl70VScFbICvJnLKB0Og==",
            "license": "MIT"
        },
        "node_modules/@jridgewell/trace-mapping": {
            "version": "0.3.31",
            "resolved": "https://registry.npmjs.org/@jridgewell/trace-mapping/-/trace-mapping-0.3.31.tgz",
            "integrity": "sha512-zzNR+SdQSDJzc8joaeP8QQoCQr8NuYx2dIIytl1QeBEZHJ9uW6hebsrYgbz8hJwUQao3TWCMtmfV8Nu1twOLAw==",
            "license": "MIT",
            "dependencies": {
                "@jridgewell/resolve-uri": "^3.1.0",
                "@jridgewell/sourcemap-codec": "^1.4.14"
            }
        },
        "node_modules/@types/node": {
            "version": "24.5.1",
            "resolved": "https://registry.npmjs.org/@types/node/-/node-24.5.1.tgz",
            "integrity": "sha512-/SQdmUP2xa+1rdx7VwB9yPq8PaKej8TD5cQ+XfKDPWWC+VDJU4rvVVagXqKUzhKjtFoNA8rXDJAkCxQPAe00+Q==",
            "license": "MIT",
            "dependencies": {
                "undici-types": "~7.12.0"
            }
        },
        "node_modules/acorn": {
            "version": "8.15.0",
            "resolved": "https://registry.npmjs.org/acorn/-/acorn-8.15.0.tgz",
            "integrity": "sha512-NZyJarBfL7nWwIq+FDL6Zp/yHEhePMNnnJ0y3qfieCrmNvYct8uvtiV41UvlSe6apAfk0fY1FbWx+NwfmpvtTg==",
            "license": "MIT",
            "bin": {
                "acorn": "bin/acorn"
            },
            "engines": {
                "node": ">=0.4.0"
            }
        },
        "node_modules/buffer-from": {
            "version": "1.1.2",
            "resolved": "https://registry.npmjs.org/buffer-from/-/buffer-from-1.1.2.tgz",
            "integrity": "sha512-E+XQCRwSbaaiChtv6k6Dwgc+bx+Bs6vuKJHHl5kox/BaKbhiXzqQOwK4cO22yElGp2OCmjwVhT3HmxgyPGnJfQ==",
            "license": "MIT"
        },
        "node_modules/cli-color": {
            "version": "2.0.4",
            "resolved": "https://registry.npmjs.org/cli-color/-/cli-color-2.0.4.tgz",
            "integrity": "sha512-zlnpg0jNcibNrO7GG9IeHH7maWFeCz+Ja1wx/7tZNU5ASSSSZ+/qZciM0/LHCYxSdqv5h2sdbQ/PXYdOuetXvA==",
            "license": "ISC",
            "dependencies": {
                "d": "^1.0.1",
                "es5-ext": "^0.10.64",
                "es6-iterator": "^2.0.3",
                "memoizee": "^0.4.15",
                "timers-ext": "^0.1.7"
            },
            "engines": {
                "node": ">=0.10"
            }
        },
        "node_modules/commander": {
            "version": "2.20.3",
            "resolved": "https://registry.npmjs.org/commander/-/commander-2.20.3.tgz",
            "integrity": "sha512-GpVkmM8vF2vQUkj2LvZmD35JxeJOLCwJ9cUkugyk2nuhbv3+mJvpLYYt+0+USMxE+oj+ey/lJEnhZw75x/OMcQ==",
            "license": "MIT"
        },
        "node_modules/d": {
            "version": "1.0.2",
            "resolved": "https://registry.npmjs.org/d/-/d-1.0.2.tgz",
            "integrity": "sha512-MOqHvMWF9/9MX6nza0KgvFH4HpMU0EF5uUDXqX/BtxtU8NfB0QzRtJ8Oe/6SuS4kbhyzVJwjd97EA4PKrzJ8bw==",
            "license": "ISC",
            "dependencies": {
                "es5-ext": "^0.10.64",
                "type": "^2.7.2"
            },
            "engines": {
                "node": ">=0.12"
            }
        },
        "node_modules/es5-ext": {
            "version": "0.10.64",
            "resolved": "https://registry.npmjs.org/es5-ext/-/es5-ext-0.10.64.tgz",
            "integrity": "sha512-p2snDhiLaXe6dahss1LddxqEm+SkuDvV8dnIQG0MWjyHpcMNfXKPE+/Cc0y+PhxJX3A4xGNeFCj5oc0BUh6deg==",
            "hasInstallScript": true,
            "license": "ISC",
            "dependencies": {
                "es6-iterator": "^2.0.3",
                "es6-symbol": "^3.1.3",
                "esniff": "^2.0.1",
                "next-tick": "^1.1.0"
            },
            "engines": {
                "node": ">=0.10"
            }
        },
        "node_modules/es6-iterator": {
            "version": "2.0.3",
            "resolved": "https://registry.npmjs.org/es6-iterator/-/es6-iterator-2.0.3.tgz",
            "integrity": "sha512-zw4SRzoUkd+cl+ZoE15A9o1oQd920Bb0iOJMQkQhl3jNc03YqVjAhG7scf9C5KWRU/R13Orf588uCC6525o02g==",
            "license": "MIT",
            "dependencies": {
                "d": "1",
                "es5-ext": "^0.10.35",
                "es6-symbol": "^3.1.1"
            }
        },
        "node_modules/es6-symbol": {
            "version": "3.1.4",
            "resolved": "https://registry.npmjs.org/es6-symbol/-/es6-symbol-3.1.4.tgz",
            "integrity": "sha512-U9bFFjX8tFiATgtkJ1zg25+KviIXpgRvRHS8sau3GfhVzThRQrOeksPeT0BWW2MNZs1OEWJ1DPXOQMn0KKRkvg==",
            "license": "ISC",
            "dependencies": {
                "d": "^1.0.2",
                "ext": "^1.7.0"
            },
            "engines": {
                "node": ">=0.12"
            }
        },
        "node_modules/es6-weak-map": {
            "version": "2.0.3",
            "resolved": "https://registry.npmjs.org/es6-weak-map/-/es6-weak-map-2.0.3.tgz",
            "integrity": "sha512-p5um32HOTO1kP+w7PRnB+5lQ43Z6muuMuIMffvDN8ZB4GcnjLBV6zGStpbASIMk4DCAvEaamhe2zhyCb/QXXsA==",
            "license": "ISC",
            "dependencies": {
                "d": "1",
                "es5-ext": "^0.10.46",
                "es6-iterator": "^2.0.3",
                "es6-symbol": "^3.1.1"
            }
        },
        "node_modules/esniff": {
            "version": "2.0.1",
            "resolved": "https://registry.npmjs.org/esniff/-/esniff-2.0.1.tgz",
            "integrity": "sha512-kTUIGKQ/mDPFoJ0oVfcmyJn4iBDRptjNVIzwIFR7tqWXdVI9xfA2RMwY/gbSpJG3lkdWNEjLap/NqVHZiJsdfg==",
            "license": "ISC",
            "dependencies": {
                "d": "^1.0.1",
                "es5-ext": "^0.10.62",
                "event-emitter": "^0.3.5",
                "type": "^2.7.2"
            },
            "engines": {
                "node": ">=0.10"
            }
        },
        "node_modules/event-emitter": {
            "version": "0.3.5",
            "resolved": "https://registry.npmjs.org/event-emitter/-/event-emitter-0.3.5.tgz",
            "integrity": "sha512-D9rRn9y7kLPnJ+hMq7S/nhvoKwwvVJahBi2BPmx3bvbsEdK3W9ii8cBSGjP+72/LnM4n6fo3+dkCX5FeTQruXA==",
            "license": "MIT",
            "dependencies": {
                "d": "1",
                "es5-ext": "~0.10.14"
            }
        },
        "node_modules/ext": {
            "version": "1.7.0",
            "resolved": "https://registry.npmjs.org/ext/-/ext-1.7.0.tgz",
            "integrity": "sha512-6hxeJYaL110a9b5TEJSj0gojyHQAmA2ch5Os+ySCiA1QGdS697XWY1pzsrSjqA9LDEEgdB/KypIlR59RcLuHYw==",
            "license": "ISC",
            "dependencies": {
                "type": "^2.7.2"
            }
        },
        "node_modules/is-promise": {
            "version": "2.2.2",
            "resolved": "https://registry.npmjs.org/is-promise/-/is-promise-2.2.2.tgz",
            "integrity": "sha512-+lP4/6lKUBfQjZ2pdxThZvLUAafmZb8OAxFb8XXtiQmS35INgr85hdOGoEs124ez1FCnZJt6jau/T+alh58QFQ==",
            "license": "MIT"
        },
        "node_modules/lru-queue": {
            "version": "0.1.0",
            "resolved": "https://registry.npmjs.org/lru-queue/-/lru-queue-0.1.0.tgz",
            "integrity": "sha512-BpdYkt9EvGl8OfWHDQPISVpcl5xZthb+XPsbELj5AQXxIC8IriDZIQYjBJPEm5rS420sjZ0TLEzRcq5KdBhYrQ==",
            "license": "MIT",
            "dependencies": {
                "es5-ext": "~0.10.2"
            }
        },
        "node_modules/memoizee": {
            "version": "0.4.17",
            "resolved": "https://registry.npmjs.org/memoizee/-/memoizee-0.4.17.tgz",
            "integrity": "sha512-DGqD7Hjpi/1or4F/aYAspXKNm5Yili0QDAFAY4QYvpqpgiY6+1jOfqpmByzjxbWd/T9mChbCArXAbDAsTm5oXA==",
            "license": "ISC",
            "dependencies": {
                "d": "^1.0.2",
                "es5-ext": "^0.10.64",
                "es6-weak-map": "^2.0.3",
                "event-emitter": "^0.3.5",
                "is-promise": "^2.2.2",
                "lru-queue": "^0.1.0",
                "next-tick": "^1.1.0",
                "timers-ext": "^0.1.7"
            },
            "engines": {
                "node": ">=0.12"
            }
        },
        "node_modules/next-tick": {
            "version": "1.1.0",
            "resolved": "https://registry.npmjs.org/next-tick/-/next-tick-1.1.0.tgz",
            "integrity": "sha512-CXdUiJembsNjuToQvxayPZF9Vqht7hewsvy2sOWafLvi2awflj9mOC6bHIg50orX8IJvWKY9wYQ/zB2kogPslQ==",
            "license": "ISC"
        },
        "node_modules/source-map": {
            "version": "0.6.1",
            "resolved": "https://registry.npmjs.org/source-map/-/source-map-0.6.1.tgz",
            "integrity": "sha512-UjgapumWlbMhkBgzT7Ykc5YXUT46F0iKu8SGXq0bcwP5dz/h0Plj6enJqjz1Zbq2l5WaqYnrVbwWOWMyF3F47g==",
            "license": "BSD-3-Clause",
            "engines": {
                "node": ">=0.10.0"
            }
        },
        "node_modules/source-map-support": {
            "version": "0.5.21",
            "resolved": "https://registry.npmjs.org/source-map-support/-/source-map-support-0.5.21.tgz",
            "integrity": "sha512-uBHU3L3czsIyYXKX88fdrGovxdSCoTGDRZ6SYXtSRxLZUzHg5P/66Ht6uoUlHu9EZod+inXhKo3qQgwXUT/y1w==",
            "license": "MIT",
            "dependencies": {
                "buffer-from": "^1.0.0",
                "source-map": "^0.6.0"
            }
        },
        "node_modules/terser": {
            "version": "5.44.0",
            "resolved": "https://registry.npmjs.org/terser/-/terser-5.44.0.tgz",
            "integrity": "sha512-nIVck8DK+GM/0Frwd+nIhZ84pR/BX7rmXMfYwyg+Sri5oGVE99/E3KvXqpC2xHFxyqXyGHTKBSioxxplrO4I4w==",
            "license": "BSD-2-Clause",
            "dependencies": {
                "@jridgewell/source-map": "^0.3.3",
                "acorn": "^8.15.0",
                "commander": "^2.20.0",
                "source-map-support": "~0.5.20"
            },
            "bin": {
                "terser": "bin/terser"
            },
            "engines": {
                "node": ">=10"
            }
        },
        "node_modules/timers-ext": {
            "version": "0.1.8",
            "resolved": "https://registry.npmjs.org/timers-ext/-/timers-ext-0.1.8.tgz",
            "integrity": "sha512-wFH7+SEAcKfJpfLPkrgMPvvwnEtj8W4IurvEyrKsDleXnKLCDw71w8jltvfLa8Rm4qQxxT4jmDBYbJG/z7qoww==",
            "license": "ISC",
            "dependencies": {
                "es5-ext": "^0.10.64",
                "next-tick": "^1.1.0"
            },
            "engines": {
                "node": ">=0.12"
            }
        },
        "node_modules/type": {
            "version": "2.7.3",
            "resolved": "https://registry.npmjs.org/type/-/type-2.7.3.tgz",
            "integrity": "sha512-8j+1QmAbPvLZow5Qpi6NCaN8FB60p/6x8/vfNqOk/hC+HuvFZhL4+WfekuhQLiqFZXOgQdrs3B+XxEmCc6b3FQ==",
            "license": "ISC"
        },
        "node_modules/undici-types": {
            "version": "7.12.0",
            "resolved": "https://registry.npmjs.org/undici-types/-/undici-types-7.12.0.tgz",
            "integrity": "sha512-goOacqME2GYyOZZfb5Lgtu+1IDmAlAEu5xnD3+xTzS10hT0vzpf0SPjkXwAw9Jm+4n/mQGDP3LO8CPbYROeBfQ==",
            "license": "MIT"
        }
    }
}
